# This file is automatically @generated by Cargo.
# It is not intended for manual editing.
version = 4

[[package]]
name = "mesh-clock"
version = "0.1.0"

[[package]]
name = "mesh-core"
version = "0.1.0"

[[package]]
name = "mesh-cpu"
version = "0.1.0"

[[package]]
name = "mesh-mem"
version = "0.1.0"

[[package]]
name = "mesh-voltage"
version = "0.1.0"
